{
  "name": "test-projektu-7",
  "version": "1.1.0",
  "lockfileVersion": 2,
  "requires": true,
  "packages": {
    "": {
      "devDependencies": {
        "@parcel/transformer-html": "^2.8.3"
      }
    },
    "node_modules/@lezer/common": {
      "version": "0.15.12",
      "dev": true,
      "license": "MIT"
    },
    "node_modules/@lezer/lr": {
      "version": "0.15.8",
      "dev": true,
      "license": "MIT",
      "dependencies": {
        "@lezer/common": "^0.15.0"
      }
    },
    "node_modules/@lmdb/lmdb-darwin-x64": {
      "version": "2.5.2",
      "cpu": [
        "x64"
      ],
      "dev": true,
      "license": "MIT",
      "optional": true,
      "os": [
        "darwin"
      ]
    },
    "node_modules/@mischnic/json-sourcemap": {
      "version": "0.1.0",
      "dev": true,
      "license": "MIT",
      "dependencies": {
        "@lezer/common": "^0.15.7",
        "@lezer/lr": "^0.15.4",
        "json5": "^2.2.1"
      },
      "engines": {
        "node": ">=12.0.0"
      }
    },
    "node_modules/@msgpackr-extract/msgpackr-extract-darwin-x64": {
      "version": "2.2.0",
      "cpu": [
        "x64"
      ],
      "dev": true,
      "license": "MIT",
      "optional": true,
      "os": [
        "darwin"
      ]
    },
    "node_modules/@parcel/cache": {
      "version": "2.8.3",
      "dev": true,
      "license": "MIT",
      "dependencies": {
        "@parcel/fs": "2.8.3",
        "@parcel/logger": "2.8.3",
        "@parcel/utils": "2.8.3",
        "lmdb": "2.5.2"
      },
      "engines": {
        "node": ">= 12.0.0"
      },
      "funding": {
        "type": "opencollective",
        "url": "https://opencollective.com/parcel"
      },
      "peerDependencies": {
        "@parcel/core": "^2.8.3"
      }
    },
    "node_modules/@parcel/codeframe": {
      "version": "2.8.3",
      "dev": true,
      "license": "MIT",
      "dependencies": {
        "chalk": "^4.1.0"
      },
      "engines": {
        "node": ">= 12.0.0"
      },
      "funding": {
        "type": "opencollective",
        "url": "https://opencollective.com/parcel"
      }
    },
    "node_modules/@parcel/core": {
      "version": "2.8.3",
      "dev": true,
      "license": "MIT",
      "peer": true,
      "dependencies": {
        "@mischnic/json-sourcemap": "^0.1.0",
        "@parcel/cache": "2.8.3",
        "@parcel/diagnostic": "2.8.3",
        "@parcel/events": "2.8.3",
        "@parcel/fs": "2.8.3",
        "@parcel/graph": "2.8.3",
        "@parcel/hash": "2.8.3",
        "@parcel/logger": "2.8.3",
        "@parcel/package-manager": "2.8.3",
        "@parcel/plugin": "2.8.3",
        "@parcel/source-map": "^2.1.1",
        "@parcel/types": "2.8.3",
        "@parcel/utils": "2.8.3",
        "@parcel/workers": "2.8.3",
        "abortcontroller-polyfill": "^1.1.9",
        "base-x": "^3.0.8",
        "browserslist": "^4.6.6",
        "clone": "^2.1.1",
        "dotenv": "^7.0.0",
        "dotenv-expand": "^5.1.0",
        "json5": "^2.2.0",
        "msgpackr": "^1.5.4",
        "nullthrows": "^1.1.1",
        "semver": "^5.7.1"
      },
      "engines": {
        "node": ">= 12.0.0"
      },
      "funding": {
        "type": "opencollective",
        "url": "https://opencollective.com/parcel"
      }
    },
    "node_modules/@parcel/diagnostic": {
      "version": "2.8.3",
      "dev": true,
      "license": "MIT",
      "dependencies": {
        "@mischnic/json-sourcemap": "^0.1.0",
        "nullthrows": "^1.1.1"
      },
      "engines": {
        "node": ">= 12.0.0"
      },
      "funding": {
        "type": "opencollective",
        "url": "https://opencollective.com/parcel"
      }
    },
    "node_modules/@parcel/events": {
      "version": "2.8.3",
      "dev": true,
      "license": "MIT",
      "engines": {
        "node": ">= 12.0.0"
      },
      "funding": {
        "type": "opencollective",
        "url": "https://opencollective.com/parcel"
      }
    },
    "node_modules/@parcel/fs": {
      "version": "2.8.3",
      "dev": true,
      "license": "MIT",
      "dependencies": {
        "@parcel/fs-search": "2.8.3",
        "@parcel/types": "2.8.3",
        "@parcel/utils": "2.8.3",
        "@parcel/watcher": "^2.0.7",
        "@parcel/workers": "2.8.3"
      },
      "engines": {
        "node": ">= 12.0.0"
      },
      "funding": {
        "type": "opencollective",
        "url": "https://opencollective.com/parcel"
      },
      "peerDependencies": {
        "@parcel/core": "^2.8.3"
      }
    },
    "node_modules/@parcel/fs-search": {
      "version": "2.8.3",
      "dev": true,
      "license": "MIT",
      "dependencies": {
        "detect-libc": "^1.0.3"
      },
      "engines": {
        "node": ">= 12.0.0"
      },
      "funding": {
        "type": "opencollective",
        "url": "https://opencollective.com/parcel"
      }
    },
    "node_modules/@parcel/graph": {
      "version": "2.8.3",
      "dev": true,
      "license": "MIT",
      "peer": true,
      "dependencies": {
        "nullthrows": "^1.1.1"
      },
      "engines": {
        "node": ">= 12.0.0"
      },
      "funding": {
        "type": "opencollective",
        "url": "https://opencollective.com/parcel"
      }
    },
    "node_modules/@parcel/hash": {
      "version": "2.8.3",
      "dev": true,
      "license": "MIT",
      "dependencies": {
        "detect-libc": "^1.0.3",
        "xxhash-wasm": "^0.4.2"
      },
      "engines": {
        "node": ">= 12.0.0"
      },
      "funding": {
        "type": "opencollective",
        "url": "https://opencollective.com/parcel"
      }
    },
    "node_modules/@parcel/logger": {
      "version": "2.8.3",
      "dev": true,
      "license": "MIT",
      "dependencies": {
        "@parcel/diagnostic": "2.8.3",
        "@parcel/events": "2.8.3"
      },
      "engines": {
        "node": ">= 12.0.0"
      },
      "funding": {
        "type": "opencollective",
        "url": "https://opencollective.com/parcel"
      }
    },
    "node_modules/@parcel/markdown-ansi": {
      "version": "2.8.3",
      "dev": true,
      "license": "MIT",
      "dependencies": {
        "chalk": "^4.1.0"
      },
      "engines": {
        "node": ">= 12.0.0"
      },
      "funding": {
        "type": "opencollective",
        "url": "https://opencollective.com/parcel"
      }
    },
    "node_modules/@parcel/package-manager": {
      "version": "2.8.3",
      "dev": true,
      "license": "MIT",
      "dependencies": {
        "@parcel/diagnostic": "2.8.3",
        "@parcel/fs": "2.8.3",
        "@parcel/logger": "2.8.3",
        "@parcel/types": "2.8.3",
        "@parcel/utils": "2.8.3",
        "@parcel/workers": "2.8.3",
        "semver": "^5.7.1"
      },
      "engines": {
        "node": ">= 12.0.0"
      },
      "funding": {
        "type": "opencollective",
        "url": "https://opencollective.com/parcel"
      },
      "peerDependencies": {
        "@parcel/core": "^2.8.3"
      }
    },
    "node_modules/@parcel/plugin": {
      "version": "2.8.3",
      "dev": true,
      "license": "MIT",
      "dependencies": {
        "@parcel/types": "2.8.3"
      },
      "engines": {
        "node": ">= 12.0.0"
      },
      "funding": {
        "type": "opencollective",
        "url": "https://opencollective.com/parcel"
      }
    },
    "node_modules/@parcel/source-map": {
      "version": "2.1.1",
      "dev": true,
      "license": "MIT",
      "dependencies": {
        "detect-libc": "^1.0.3"
      },
      "engines": {
        "node": "^12.18.3 || >=14"
      }
    },
    "node_modules/@parcel/transformer-html": {
      "version": "2.8.3",
      "resolved": "https://registry.npmjs.org/@parcel/transformer-html/-/transformer-html-2.8.3.tgz",
      "integrity": "sha512-kIZO3qsMYTbSnSpl9cnZog+SwL517ffWH54JeB410OSAYF1ouf4n5v9qBnALZbuCCmPwJRGs4jUtE452hxwN4g==",
      "dev": true,
      "dependencies": {
        "@parcel/diagnostic": "2.8.3",
        "@parcel/hash": "2.8.3",
        "@parcel/plugin": "2.8.3",
        "nullthrows": "^1.1.1",
        "posthtml": "^0.16.5",
        "posthtml-parser": "^0.10.1",
        "posthtml-render": "^3.0.0",
        "semver": "^5.7.1",
        "srcset": "4"
      },
      "engines": {
        "node": ">= 12.0.0",
        "parcel": "^2.8.3"
      },
      "funding": {
        "type": "opencollective",
        "url": "https://opencollective.com/parcel"
      }
    },
    "node_modules/@parcel/types": {
      "version": "2.8.3",
      "dev": true,
      "license": "MIT",
      "dependencies": {
        "@parcel/cache": "2.8.3",
        "@parcel/diagnostic": "2.8.3",
        "@parcel/fs": "2.8.3",
        "@parcel/package-manager": "2.8.3",
        "@parcel/source-map": "^2.1.1",
        "@parcel/workers": "2.8.3",
        "utility-types": "^3.10.0"
      }
    },
    "node_modules/@parcel/utils": {
      "version": "2.8.3",
      "dev": true,
      "license": "MIT",
      "dependencies": {
        "@parcel/codeframe": "2.8.3",
        "@parcel/diagnostic": "2.8.3",
        "@parcel/hash": "2.8.3",
        "@parcel/logger": "2.8.3",
        "@parcel/markdown-ansi": "2.8.3",
        "@parcel/source-map": "^2.1.1",
        "chalk": "^4.1.0"
      },
      "engines": {
        "node": ">= 12.0.0"
      },
      "funding": {
        "type": "opencollective",
        "url": "https://opencollective.com/parcel"
      }
    },
    "node_modules/@parcel/watcher": {
      "version": "2.1.0",
      "dev": true,
      "hasInstallScript": true,
      "license": "MIT",
      "dependencies": {
        "is-glob": "^4.0.3",
        "micromatch": "^4.0.5",
        "node-addon-api": "^3.2.1",
        "node-gyp-build": "^4.3.0"
      },
      "engines": {
        "node": ">= 10.0.0"
      },
      "funding": {
        "type": "opencollective",
        "url": "https://opencollective.com/parcel"
      }
    },
    "node_modules/@parcel/workers": {
      "version": "2.8.3",
      "dev": true,
      "license": "MIT",
      "dependencies": {
        "@parcel/diagnostic": "2.8.3",
        "@parcel/logger": "2.8.3",
        "@parcel/types": "2.8.3",
        "@parcel/utils": "2.8.3",
        "chrome-trace-event": "^1.0.2",
        "nullthrows": "^1.1.1"
      },
      "engines": {
        "node": ">= 12.0.0"
      },
      "funding": {
        "type": "opencollective",
        "url": "https://opencollective.com/parcel"
      },
      "peerDependencies": {
        "@parcel/core": "^2.8.3"
      }
    },
    "node_modules/abortcontroller-polyfill": {
      "version": "1.7.5",
      "dev": true,
      "license": "MIT",
      "peer": true
    },
    "node_modules/ansi-styles": {
      "version": "4.3.0",
      "dev": true,
      "license": "MIT",
      "dependencies": {
        "color-convert": "^2.0.1"
      },
      "engines": {
        "node": ">=8"
      },
      "funding": {
        "url": "https://github.com/chalk/ansi-styles?sponsor=1"
      }
    },
    "node_modules/base-x": {
      "version": "3.0.9",
      "dev": true,
      "license": "MIT",
      "peer": true,
      "dependencies": {
        "safe-buffer": "^5.0.1"
      }
    },
    "node_modules/braces": {
      "version": "3.0.2",
      "dev": true,
      "license": "MIT",
      "dependencies": {
        "fill-range": "^7.0.1"
      },
      "engines": {
        "node": ">=8"
      }
    },
    "node_modules/browserslist": {
      "version": "4.21.4",
      "dev": true,
      "funding": [
        {
          "type": "opencollective",
          "url": "https://opencollective.com/browserslist"
        },
        {
          "type": "tidelift",
          "url": "https://tidelift.com/funding/github/npm/browserslist"
        }
      ],
      "license": "MIT",
      "peer": true,
      "dependencies": {
        "caniuse-lite": "^1.0.30001400",
        "electron-to-chromium": "^1.4.251",
        "node-releases": "^2.0.6",
        "update-browserslist-db": "^1.0.9"
      },
      "bin": {
        "browserslist": "cli.js"
      },
      "engines": {
        "node": "^6 || ^7 || ^8 || ^9 || ^10 || ^11 || ^12 || >=13.7"
      }
    },
    "node_modules/caniuse-lite": {
      "version": "1.0.30001447",
      "dev": true,
      "funding": [
        {
          "type": "opencollective",
          "url": "https://opencollective.com/browserslist"
        },
        {
          "type": "tidelift",
          "url": "https://tidelift.com/funding/github/npm/caniuse-lite"
        }
      ],
      "license": "CC-BY-4.0",
      "peer": true
    },
    "node_modules/chalk": {
      "version": "4.1.2",
      "dev": true,
      "license": "MIT",
      "dependencies": {
        "ansi-styles": "^4.1.0",
        "supports-color": "^7.1.0"
      },
      "engines": {
        "node": ">=10"
      },
      "funding": {
        "url": "https://github.com/chalk/chalk?sponsor=1"
      }
    },
    "node_modules/chrome-trace-event": {
      "version": "1.0.3",
      "dev": true,
      "license": "MIT",
      "engines": {
        "node": ">=6.0"
      }
    },
    "node_modules/clone": {
      "version": "2.1.2",
      "dev": true,
      "license": "MIT",
      "peer": true,
      "engines": {
        "node": ">=0.8"
      }
    },
    "node_modules/color-convert": {
      "version": "2.0.1",
      "dev": true,
      "license": "MIT",
      "dependencies": {
        "color-name": "~1.1.4"
      },
      "engines": {
        "node": ">=7.0.0"
      }
    },
    "node_modules/color-name": {
      "version": "1.1.4",
      "dev": true,
      "license": "MIT"
    },
    "node_modules/detect-libc": {
      "version": "1.0.3",
      "dev": true,
      "license": "Apache-2.0",
      "bin": {
        "detect-libc": "bin/detect-libc.js"
      },
      "engines": {
        "node": ">=0.10"
      }
    },
    "node_modules/dom-serializer": {
      "version": "1.4.1",
      "dev": true,
      "license": "MIT",
      "dependencies": {
        "domelementtype": "^2.0.1",
        "domhandler": "^4.2.0",
        "entities": "^2.0.0"
      },
      "funding": {
        "url": "https://github.com/cheeriojs/dom-serializer?sponsor=1"
      }
    },
    "node_modules/domelementtype": {
      "version": "2.3.0",
      "dev": true,
      "funding": [
        {
          "type": "github",
          "url": "https://github.com/sponsors/fb55"
        }
      ],
      "license": "BSD-2-Clause"
    },
    "node_modules/domhandler": {
      "version": "4.3.1",
      "dev": true,
      "license": "BSD-2-Clause",
      "dependencies": {
        "domelementtype": "^2.2.0"
      },
      "engines": {
        "node": ">= 4"
      },
      "funding": {
        "url": "https://github.com/fb55/domhandler?sponsor=1"
      }
    },
    "node_modules/domutils": {
      "version": "2.8.0",
      "dev": true,
      "license": "BSD-2-Clause",
      "dependencies": {
        "dom-serializer": "^1.0.1",
        "domelementtype": "^2.2.0",
        "domhandler": "^4.2.0"
      },
      "funding": {
        "url": "https://github.com/fb55/domutils?sponsor=1"
      }
    },
    "node_modules/dotenv": {
      "version": "7.0.0",
      "dev": true,
      "license": "BSD-2-Clause",
      "peer": true,
      "engines": {
        "node": ">=6"
      }
    },
    "node_modules/dotenv-expand": {
      "version": "5.1.0",
      "dev": true,
      "license": "BSD-2-Clause",
      "peer": true
    },
    "node_modules/electron-to-chromium": {
      "version": "1.4.284",
      "dev": true,
      "license": "ISC",
      "peer": true
    },
    "node_modules/entities": {
      "version": "2.2.0",
      "dev": true,
      "license": "BSD-2-Clause",
      "funding": {
        "url": "https://github.com/fb55/entities?sponsor=1"
      }
    },
    "node_modules/escalade": {
      "version": "3.1.1",
      "dev": true,
      "license": "MIT",
      "peer": true,
      "engines": {
        "node": ">=6"
      }
    },
    "node_modules/fill-range": {
      "version": "7.0.1",
      "dev": true,
      "license": "MIT",
      "dependencies": {
        "to-regex-range": "^5.0.1"
      },
      "engines": {
        "node": ">=8"
      }
    },
    "node_modules/has-flag": {
      "version": "4.0.0",
      "dev": true,
      "license": "MIT",
      "engines": {
        "node": ">=8"
      }
    },
    "node_modules/htmlparser2": {
      "version": "7.2.0",
      "dev": true,
      "funding": [
        "https://github.com/fb55/htmlparser2?sponsor=1",
        {
          "type": "github",
          "url": "https://github.com/sponsors/fb55"
        }
      ],
      "license": "MIT",
      "dependencies": {
        "domelementtype": "^2.0.1",
        "domhandler": "^4.2.2",
        "domutils": "^2.8.0",
        "entities": "^3.0.1"
      }
    },
    "node_modules/htmlparser2/node_modules/entities": {
      "version": "3.0.1",
      "dev": true,
      "license": "BSD-2-Clause",
      "engines": {
        "node": ">=0.12"
      },
      "funding": {
        "url": "https://github.com/fb55/entities?sponsor=1"
      }
    },
    "node_modules/is-extglob": {
      "version": "2.1.1",
      "dev": true,
      "license": "MIT",
      "engines": {
        "node": ">=0.10.0"
      }
    },
    "node_modules/is-glob": {
      "version": "4.0.3",
      "dev": true,
      "license": "MIT",
      "dependencies": {
        "is-extglob": "^2.1.1"
      },
      "engines": {
        "node": ">=0.10.0"
      }
    },
    "node_modules/is-json": {
      "version": "2.0.1",
      "dev": true,
      "license": "ISC"
    },
    "node_modules/is-number": {
      "version": "7.0.0",
      "dev": true,
      "license": "MIT",
      "engines": {
        "node": ">=0.12.0"
      }
    },
    "node_modules/json5": {
      "version": "2.2.3",
      "dev": true,
      "license": "MIT",
      "bin": {
        "json5": "lib/cli.js"
      },
      "engines": {
        "node": ">=6"
      }
    },
    "node_modules/lmdb": {
      "version": "2.5.2",
      "dev": true,
      "hasInstallScript": true,
      "license": "MIT",
      "dependencies": {
        "msgpackr": "^1.5.4",
        "node-addon-api": "^4.3.0",
        "node-gyp-build-optional-packages": "5.0.3",
        "ordered-binary": "^1.2.4",
        "weak-lru-cache": "^1.2.2"
      },
      "optionalDependencies": {
        "@lmdb/lmdb-darwin-arm64": "2.5.2",
        "@lmdb/lmdb-darwin-x64": "2.5.2",
        "@lmdb/lmdb-linux-arm": "2.5.2",
        "@lmdb/lmdb-linux-arm64": "2.5.2",
        "@lmdb/lmdb-linux-x64": "2.5.2",
        "@lmdb/lmdb-win32-x64": "2.5.2"
      }
    },
    "node_modules/lmdb/node_modules/@lmdb/lmdb-darwin-arm64": {
      "version": "2.5.2",
      "resolved": "https://registry.npmjs.org/@lmdb/lmdb-darwin-arm64/-/lmdb-darwin-arm64-2.5.2.tgz",
      "integrity": "sha512-+F8ioQIUN68B4UFiIBYu0QQvgb9FmlKw2ctQMSBfW2QBrZIxz9vD9jCGqTCPqZBRbPHAS/vG1zSXnKqnS2ch/A==",
      "cpu": [
        "arm64"
      ],
      "dev": true,
      "optional": true,
      "os": [
        "darwin"
      ]
    },
    "node_modules/lmdb/node_modules/@lmdb/lmdb-linux-arm": {
      "version": "2.5.2",
      "resolved": "https://registry.npmjs.org/@lmdb/lmdb-linux-arm/-/lmdb-linux-arm-2.5.2.tgz",
      "integrity": "sha512-5kQAP21hAkfW5Bl+e0P57dV4dGYnkNIpR7f/GAh6QHlgXx+vp/teVj4PGRZaKAvt0GX6++N6hF8NnGElLDuIDw==",
      "cpu": [
        "arm"
      ],
      "dev": true,
      "optional": true,
      "os": [
        "linux"
      ]
    },
    "node_modules/lmdb/node_modules/@lmdb/lmdb-linux-arm64": {
      "version": "2.5.2",
      "resolved": "https://registry.npmjs.org/@lmdb/lmdb-linux-arm64/-/lmdb-linux-arm64-2.5.2.tgz",
      "integrity": "sha512-aLl89VHL/wjhievEOlPocoefUyWdvzVrcQ/MHQYZm2JfV1jUsrbr/ZfkPPUFvZBf+VSE+Q0clWs9l29PCX1hTQ==",
      "cpu": [
        "arm64"
      ],
      "dev": true,
      "optional": true,
      "os": [
        "linux"
      ]
    },
    "node_modules/lmdb/node_modules/@lmdb/lmdb-linux-x64": {
      "version": "2.5.2",
      "resolved": "https://registry.npmjs.org/@lmdb/lmdb-linux-x64/-/lmdb-linux-x64-2.5.2.tgz",
      "integrity": "sha512-xUdUfwDJLGjOUPH3BuPBt0NlIrR7f/QHKgu3GZIXswMMIihAekj2i97oI0iWG5Bok/b+OBjHPfa8IU9velnP/Q==",
      "cpu": [
        "x64"
      ],
      "dev": true,
      "optional": true,
      "os": [
        "linux"
      ]
    },
    "node_modules/lmdb/node_modules/@lmdb/lmdb-win32-x64": {
      "version": "2.5.2",
      "resolved": "https://registry.npmjs.org/@lmdb/lmdb-win32-x64/-/lmdb-win32-x64-2.5.2.tgz",
      "integrity": "sha512-zrBczSbXKxEyK2ijtbRdICDygRqWSRPpZMN5dD1T8VMEW5RIhIbwFWw2phDRXuBQdVDpSjalCIUMWMV2h3JaZA==",
      "cpu": [
        "x64"
      ],
      "dev": true,
      "optional": true,
      "os": [
        "win32"
      ]
    },
    "node_modules/lmdb/node_modules/node-addon-api": {
      "version": "4.3.0",
      "dev": true,
      "license": "MIT"
    },
    "node_modules/micromatch": {
      "version": "4.0.5",
      "dev": true,
      "license": "MIT",
      "dependencies": {
        "braces": "^3.0.2",
        "picomatch": "^2.3.1"
      },
      "engines": {
        "node": ">=8.6"
      }
    },
    "node_modules/msgpackr": {
      "version": "1.8.2",
      "dev": true,
      "license": "MIT",
      "optionalDependencies": {
        "msgpackr-extract": "^2.2.0"
      }
    },
    "node_modules/msgpackr-extract": {
      "version": "2.2.0",
      "dev": true,
      "hasInstallScript": true,
      "license": "MIT",
      "optional": true,
      "dependencies": {
        "node-gyp-build-optional-packages": "5.0.3"
      },
      "bin": {
        "download-msgpackr-prebuilds": "bin/download-prebuilds.js"
      },
      "optionalDependencies": {
        "@msgpackr-extract/msgpackr-extract-darwin-arm64": "2.2.0",
        "@msgpackr-extract/msgpackr-extract-darwin-x64": "2.2.0",
        "@msgpackr-extract/msgpackr-extract-linux-arm": "2.2.0",
        "@msgpackr-extract/msgpackr-extract-linux-arm64": "2.2.0",
        "@msgpackr-extract/msgpackr-extract-linux-x64": "2.2.0",
        "@msgpackr-extract/msgpackr-extract-win32-x64": "2.2.0"
      }
    },
    "node_modules/msgpackr-extract/node_modules/@msgpackr-extract/msgpackr-extract-darwin-arm64": {
      "version": "2.2.0",
      "resolved": "https://registry.npmjs.org/@msgpackr-extract/msgpackr-extract-darwin-arm64/-/msgpackr-extract-darwin-arm64-2.2.0.tgz",
      "integrity": "sha512-Z9LFPzfoJi4mflGWV+rv7o7ZbMU5oAU9VmzCgL240KnqDW65Y2HFCT3MW06/ITJSnbVLacmcEJA8phywK7JinQ==",
      "cpu": [
        "arm64"
      ],
      "dev": true,
      "optional": true,
      "os": [
        "darwin"
      ]
    },
    "node_modules/msgpackr-extract/node_modules/@msgpackr-extract/msgpackr-extract-linux-arm": {
      "version": "2.2.0",
      "resolved": "https://registry.npmjs.org/@msgpackr-extract/msgpackr-extract-linux-arm/-/msgpackr-extract-linux-arm-2.2.0.tgz",
      "integrity": "sha512-SaJ3Qq4lX9Syd2xEo9u3qPxi/OB+5JO/ngJKK97XDpa1C587H9EWYO6KD8995DAjSinWvdHKRrCOXVUC5fvGOg==",
      "cpu": [
        "arm"
      ],
      "dev": true,
      "optional": true,
      "os": [
        "linux"
      ]
    },
    "node_modules/msgpackr-extract/node_modules/@msgpackr-extract/msgpackr-extract-linux-arm64": {
      "version": "2.2.0",
      "resolved": "https://registry.npmjs.org/@msgpackr-extract/msgpackr-extract-linux-arm64/-/msgpackr-extract-linux-arm64-2.2.0.tgz",
      "integrity": "sha512-hlxxLdRmPyq16QCutUtP8Tm6RDWcyaLsRssaHROatgnkOxdleMTgetf9JsdncL8vLh7FVy/RN9i3XR5dnb9cRA==",
      "cpu": [
        "arm64"
      ],
      "dev": true,
      "optional": true,
      "os": [
        "linux"
      ]
    },
    "node_modules/msgpackr-extract/node_modules/@msgpackr-extract/msgpackr-extract-linux-x64": {
      "version": "2.2.0",
      "resolved": "https://registry.npmjs.org/@msgpackr-extract/msgpackr-extract-linux-x64/-/msgpackr-extract-linux-x64-2.2.0.tgz",
      "integrity": "sha512-94y5PJrSOqUNcFKmOl7z319FelCLAE0rz/jPCWS+UtdMZvpa4jrQd+cJPQCLp2Fes1yAW/YUQj/Di6YVT3c3Iw==",
      "cpu": [
        "x64"
      ],
      "dev": true,
      "optional": true,
      "os": [
        "linux"
      ]
    },
    "node_modules/msgpackr-extract/node_modules/@msgpackr-extract/msgpackr-extract-win32-x64": {
      "version": "2.2.0",
      "resolved": "https://registry.npmjs.org/@msgpackr-extract/msgpackr-extract-win32-x64/-/msgpackr-extract-win32-x64-2.2.0.tgz",
      "integrity": "sha512-XrC0JzsqQSvOyM3t04FMLO6z5gCuhPE6k4FXuLK5xf52ZbdvcFe1yBmo7meCew9B8G2f0T9iu9t3kfTYRYROgA==",
      "cpu": [
        "x64"
      ],
      "dev": true,
      "optional": true,
      "os": [
        "win32"
      ]
    },
    "node_modules/node-addon-api": {
      "version": "3.2.1",
      "dev": true,
      "license": "MIT"
    },
    "node_modules/node-gyp-build": {
      "version": "4.6.0",
      "dev": true,
      "license": "MIT",
      "bin": {
        "node-gyp-build": "bin.js",
        "node-gyp-build-optional": "optional.js",
        "node-gyp-build-test": "build-test.js"
      }
    },
    "node_modules/node-gyp-build-optional-packages": {
      "version": "5.0.3",
      "dev": true,
      "license": "MIT",
      "bin": {
        "node-gyp-build-optional-packages": "bin.js",
        "node-gyp-build-optional-packages-optional": "optional.js",
        "node-gyp-build-optional-packages-test": "build-test.js"
      }
    },
    "node_modules/node-releases": {
      "version": "2.0.8",
      "dev": true,
      "license": "MIT",
      "peer": true
    },
    "node_modules/nullthrows": {
      "version": "1.1.1",
      "dev": true,
      "license": "MIT"
    },
    "node_modules/ordered-binary": {
      "version": "1.4.0",
      "dev": true,
      "license": "MIT"
    },
    "node_modules/picocolors": {
      "version": "1.0.0",
      "resolved": "https://registry.npmjs.org/picocolors/-/picocolors-1.0.0.tgz",
      "integrity": "sha512-1fygroTLlHu66zi26VoTDv8yRgm0Fccecssto+MhsZ0D/DGW2sm8E8AjW7NU5VVTRt5GxbeZ5qBuJr+HyLYkjQ==",
      "dev": true,
      "peer": true
    },
    "node_modules/picomatch": {
      "version": "2.3.1",
      "dev": true,
      "license": "MIT",
      "engines": {
        "node": ">=8.6"
      },
      "funding": {
        "url": "https://github.com/sponsors/jonschlinkert"
      }
    },
    "node_modules/posthtml": {
      "version": "0.16.6",
      "dev": true,
      "license": "MIT",
      "dependencies": {
        "posthtml-parser": "^0.11.0",
        "posthtml-render": "^3.0.0"
      },
      "engines": {
        "node": ">=12.0.0"
      }
    },
    "node_modules/posthtml-parser": {
      "version": "0.10.2",
      "dev": true,
      "license": "MIT",
      "dependencies": {
        "htmlparser2": "^7.1.1"
      },
      "engines": {
        "node": ">=12"
      }
    },
    "node_modules/posthtml-render": {
      "version": "3.0.0",
      "dev": true,
      "license": "MIT",
      "dependencies": {
        "is-json": "^2.0.1"
      },
      "engines": {
        "node": ">=12"
      }
    },
    "node_modules/posthtml/node_modules/posthtml-parser": {
      "version": "0.11.0",
      "dev": true,
      "license": "MIT",
      "dependencies": {
        "htmlparser2": "^7.1.1"
      },
      "engines": {
        "node": ">=12"
      }
    },
    "node_modules/safe-buffer": {
      "version": "5.2.1",
      "dev": true,
      "funding": [
        {
          "type": "github",
          "url": "https://github.com/sponsors/feross"
        },
        {
          "type": "patreon",
          "url": "https://www.patreon.com/feross"
        },
        {
          "type": "consulting",
          "url": "https://feross.org/support"
        }
      ],
      "license": "MIT",
      "peer": true
    },
    "node_modules/semver": {
      "version": "5.7.1",
      "dev": true,
      "license": "ISC",
      "bin": {
        "semver": "bin/semver"
      }
    },
    "node_modules/srcset": {
      "version": "4.0.0",
      "resolved": "https://registry.npmjs.org/srcset/-/srcset-4.0.0.tgz",
      "integrity": "sha512-wvLeHgcVHKO8Sc/H/5lkGreJQVeYMm9rlmt8PuR1xE31rIuXhuzznUUqAt8MqLhB3MqJdFzlNAfpcWnxiFUcPw==",
      "dev": true,
      "engines": {
        "node": ">=12"
      },
      "funding": {
        "url": "https://github.com/sponsors/sindresorhus"
      }
    },
    "node_modules/supports-color": {
      "version": "7.2.0",
      "dev": true,
      "license": "MIT",
      "dependencies": {
        "has-flag": "^4.0.0"
      },
      "engines": {
        "node": ">=8"
      }
    },
    "node_modules/to-regex-range": {
      "version": "5.0.1",
      "dev": true,
      "license": "MIT",
      "dependencies": {
        "is-number": "^7.0.0"
      },
      "engines": {
        "node": ">=8.0"
      }
    },
    "node_modules/update-browserslist-db": {
      "version": "1.0.10",
      "dev": true,
      "funding": [
        {
          "type": "opencollective",
          "url": "https://opencollective.com/browserslist"
        },
        {
          "type": "tidelift",
          "url": "https://tidelift.com/funding/github/npm/browserslist"
        }
      ],
      "license": "MIT",
      "peer": true,
      "dependencies": {
        "escalade": "^3.1.1",
        "picocolors": "^1.0.0"
      },
      "bin": {
        "browserslist-lint": "cli.js"
      },
      "peerDependencies": {
        "browserslist": ">= 4.21.0"
      }
    },
    "node_modules/utility-types": {
      "version": "3.10.0",
      "dev": true,
      "license": "MIT",
      "engines": {
        "node": ">= 4"
      }
    },
    "node_modules/weak-lru-cache": {
      "version": "1.2.2",
      "dev": true,
      "license": "MIT"
    },
    "node_modules/xxhash-wasm": {
      "version": "0.4.2",
      "dev": true,
      "license": "MIT"
    }
  },
  "dependencies": {
    "@lezer/common": {
      "version": "0.15.12",
      "dev": true
    },
    "@lezer/lr": {
      "version": "0.15.8",
      "dev": true,
      "requires": {
        "@lezer/common": "^0.15.0"
      }
    },
    "@lmdb/lmdb-darwin-x64": {
      "version": "2.5.2",
      "dev": true,
      "optional": true
    },
    "@mischnic/json-sourcemap": {
      "version": "0.1.0",
      "dev": true,
      "requires": {
        "@lezer/common": "^0.15.7",
        "@lezer/lr": "^0.15.4",
        "json5": "^2.2.1"
      }
    },
    "@msgpackr-extract/msgpackr-extract-darwin-x64": {
      "version": "2.2.0",
      "dev": true,
      "optional": true
    },
    "@parcel/cache": {
      "version": "2.8.3",
      "dev": true,
      "requires": {
        "@parcel/fs": "2.8.3",
        "@parcel/logger": "2.8.3",
        "@parcel/utils": "2.8.3",
        "lmdb": "2.5.2"
      }
    },
    "@parcel/codeframe": {
      "version": "2.8.3",
      "dev": true,
      "requires": {
        "chalk": "^4.1.0"
      }
    },
    "@parcel/core": {
      "version": "2.8.3",
      "dev": true,
      "peer": true,
      "requires": {
        "@mischnic/json-sourcemap": "^0.1.0",
        "@parcel/cache": "2.8.3",
        "@parcel/diagnostic": "2.8.3",
        "@parcel/events": "2.8.3",
        "@parcel/fs": "2.8.3",
        "@parcel/graph": "2.8.3",
        "@parcel/hash": "2.8.3",
        "@parcel/logger": "2.8.3",
        "@parcel/package-manager": "2.8.3",
        "@parcel/plugin": "2.8.3",
        "@parcel/source-map": "^2.1.1",
        "@parcel/types": "2.8.3",
        "@parcel/utils": "2.8.3",
        "@parcel/workers": "2.8.3",
        "abortcontroller-polyfill": "^1.1.9",
        "base-x": "^3.0.8",
        "browserslist": "^4.6.6",
        "clone": "^2.1.1",
        "dotenv": "^7.0.0",
        "dotenv-expand": "^5.1.0",
        "json5": "^2.2.0",
        "msgpackr": "^1.5.4",
        "nullthrows": "^1.1.1",
        "semver": "^5.7.1"
      }
    },
    "@parcel/diagnostic": {
      "version": "2.8.3",
      "dev": true,
      "requires": {
        "@mischnic/json-sourcemap": "^0.1.0",
        "nullthrows": "^1.1.1"
      }
    },
    "@parcel/events": {
      "version": "2.8.3",
      "dev": true
    },
    "@parcel/fs": {
      "version": "2.8.3",
      "dev": true,
      "requires": {
        "@parcel/fs-search": "2.8.3",
        "@parcel/types": "2.8.3",
        "@parcel/utils": "2.8.3",
        "@parcel/watcher": "^2.0.7",
        "@parcel/workers": "2.8.3"
      }
    },
    "@parcel/fs-search": {
      "version": "2.8.3",
      "dev": true,
      "requires": {
        "detect-libc": "^1.0.3"
      }
    },
    "@parcel/graph": {
      "version": "2.8.3",
      "dev": true,
      "peer": true,
      "requires": {
        "nullthrows": "^1.1.1"
      }
    },
    "@parcel/hash": {
      "version": "2.8.3",
      "dev": true,
      "requires": {
        "detect-libc": "^1.0.3",
        "xxhash-wasm": "^0.4.2"
      }
    },
    "@parcel/logger": {
      "version": "2.8.3",
      "dev": true,
      "requires": {
        "@parcel/diagnostic": "2.8.3",
        "@parcel/events": "2.8.3"
      }
    },
    "@parcel/markdown-ansi": {
      "version": "2.8.3",
      "dev": true,
      "requires": {
        "chalk": "^4.1.0"
      }
    },
    "@parcel/package-manager": {
      "version": "2.8.3",
      "dev": true,
      "requires": {
        "@parcel/diagnostic": "2.8.3",
        "@parcel/fs": "2.8.3",
        "@parcel/logger": "2.8.3",
        "@parcel/types": "2.8.3",
        "@parcel/utils": "2.8.3",
        "@parcel/workers": "2.8.3",
        "semver": "^5.7.1"
      }
    },
    "@parcel/plugin": {
      "version": "2.8.3",
      "dev": true,
      "requires": {
        "@parcel/types": "2.8.3"
      }
    },
    "@parcel/source-map": {
      "version": "2.1.1",
      "dev": true,
      "requires": {
        "detect-libc": "^1.0.3"
      }
    },
    "@parcel/transformer-html": {
      "version": "2.8.3",
      "resolved": "https://registry.npmjs.org/@parcel/transformer-html/-/transformer-html-2.8.3.tgz",
      "integrity": "sha512-kIZO3qsMYTbSnSpl9cnZog+SwL517ffWH54JeB410OSAYF1ouf4n5v9qBnALZbuCCmPwJRGs4jUtE452hxwN4g==",
      "dev": true,
      "requires": {
        "@parcel/diagnostic": "2.8.3",
        "@parcel/hash": "2.8.3",
        "@parcel/plugin": "2.8.3",
        "nullthrows": "^1.1.1",
        "posthtml": "^0.16.5",
        "posthtml-parser": "^0.10.1",
        "posthtml-render": "^3.0.0",
        "semver": "^5.7.1",
        "srcset": "4"
      }
    },
    "@parcel/types": {
      "version": "2.8.3",
      "dev": true,
      "requires": {
        "@parcel/cache": "2.8.3",
        "@parcel/diagnostic": "2.8.3",
        "@parcel/fs": "2.8.3",
        "@parcel/package-manager": "2.8.3",
        "@parcel/source-map": "^2.1.1",
        "@parcel/workers": "2.8.3",
        "utility-types": "^3.10.0"
      }
    },
    "@parcel/utils": {
      "version": "2.8.3",
      "dev": true,
      "requires": {
        "@parcel/codeframe": "2.8.3",
        "@parcel/diagnostic": "2.8.3",
        "@parcel/hash": "2.8.3",
        "@parcel/logger": "2.8.3",
        "@parcel/markdown-ansi": "2.8.3",
        "@parcel/source-map": "^2.1.1",
        "chalk": "^4.1.0"
      }
    },
    "@parcel/watcher": {
      "version": "2.1.0",
      "dev": true,
      "requires": {
        "is-glob": "^4.0.3",
        "micromatch": "^4.0.5",
        "node-addon-api": "^3.2.1",
        "node-gyp-build": "^4.3.0"
      }
    },
    "@parcel/workers": {
      "version": "2.8.3",
      "dev": true,
      "requires": {
        "@parcel/diagnostic": "2.8.3",
        "@parcel/logger": "2.8.3",
        "@parcel/types": "2.8.3",
        "@parcel/utils": "2.8.3",
        "chrome-trace-event": "^1.0.2",
        "nullthrows": "^1.1.1"
      }
    },
    "abortcontroller-polyfill": {
      "version": "1.7.5",
      "dev": true,
      "peer": true
    },
    "ansi-styles": {
      "version": "4.3.0",
      "dev": true,
      "requires": {
        "color-convert": "^2.0.1"
      }
    },
    "base-x": {
      "version": "3.0.9",
      "dev": true,
      "peer": true,
      "requires": {
        "safe-buffer": "^5.0.1"
      }
    },
    "braces": {
      "version": "3.0.2",
      "dev": true,
      "requires": {
        "fill-range": "^7.0.1"
      }
    },
    "browserslist": {
      "version": "4.21.4",
      "dev": true,
      "peer": true,
      "requires": {
        "caniuse-lite": "^1.0.30001400",
        "electron-to-chromium": "^1.4.251",
        "node-releases": "^2.0.6",
        "update-browserslist-db": "^1.0.9"
      }
    },
    "caniuse-lite": {
      "version": "1.0.30001447",
      "dev": true,
      "peer": true
    },
    "chalk": {
      "version": "4.1.2",
      "dev": true,
      "requires": {
        "ansi-styles": "^4.1.0",
        "supports-color": "^7.1.0"
      }
    },
    "chrome-trace-event": {
      "version": "1.0.3",
      "dev": true
    },
    "clone": {
      "version": "2.1.2",
      "dev": true,
      "peer": true
    },
    "color-convert": {
      "version": "2.0.1",
      "dev": true,
      "requires": {
        "color-name": "~1.1.4"
      }
    },
    "color-name": {
      "version": "1.1.4",
      "dev": true
    },
    "detect-libc": {
      "version": "1.0.3",
      "dev": true
    },
    "dom-serializer": {
      "version": "1.4.1",
      "dev": true,
      "requires": {
        "domelementtype": "^2.0.1",
        "domhandler": "^4.2.0",
        "entities": "^2.0.0"
      }
    },
    "domelementtype": {
      "version": "2.3.0",
      "dev": true
    },
    "domhandler": {
      "version": "4.3.1",
      "dev": true,
      "requires": {
        "domelementtype": "^2.2.0"
      }
    },
    "domutils": {
      "version": "2.8.0",
      "dev": true,
      "requires": {
        "dom-serializer": "^1.0.1",
        "domelementtype": "^2.2.0",
        "domhandler": "^4.2.0"
      }
    },
    "dotenv": {
      "version": "7.0.0",
      "dev": true,
      "peer": true
    },
    "dotenv-expand": {
      "version": "5.1.0",
      "dev": true,
      "peer": true
    },
    "electron-to-chromium": {
      "version": "1.4.284",
      "dev": true,
      "peer": true
    },
    "entities": {
      "version": "2.2.0",
      "dev": true
    },
    "escalade": {
      "version": "3.1.1",
      "dev": true,
      "peer": true
    },
    "fill-range": {
      "version": "7.0.1",
      "dev": true,
      "requires": {
        "to-regex-range": "^5.0.1"
      }
    },
    "has-flag": {
      "version": "4.0.0",
      "dev": true
    },
    "htmlparser2": {
      "version": "7.2.0",
      "dev": true,
      "requires": {
        "domelementtype": "^2.0.1",
        "domhandler": "^4.2.2",
        "domutils": "^2.8.0",
        "entities": "^3.0.1"
      },
      "dependencies": {
        "entities": {
          "version": "3.0.1",
          "dev": true
        }
      }
    },
    "is-extglob": {
      "version": "2.1.1",
      "dev": true
    },
    "is-glob": {
      "version": "4.0.3",
      "dev": true,
      "requires": {
        "is-extglob": "^2.1.1"
      }
    },
    "is-json": {
      "version": "2.0.1",
      "dev": true
    },
    "is-number": {
      "version": "7.0.0",
      "dev": true
    },
    "json5": {
      "version": "2.2.3",
      "dev": true
    },
    "lmdb": {
      "version": "2.5.2",
      "dev": true,
      "requires": {
        "@lmdb/lmdb-darwin-arm64": "2.5.2",
        "@lmdb/lmdb-darwin-x64": "2.5.2",
        "@lmdb/lmdb-linux-arm": "2.5.2",
        "@lmdb/lmdb-linux-arm64": "2.5.2",
        "@lmdb/lmdb-linux-x64": "2.5.2",
        "@lmdb/lmdb-win32-x64": "2.5.2",
        "msgpackr": "^1.5.4",
        "node-addon-api": "^4.3.0",
        "node-gyp-build-optional-packages": "5.0.3",
        "ordered-binary": "^1.2.4",
        "weak-lru-cache": "^1.2.2"
      },
      "dependencies": {
        "@lmdb/lmdb-darwin-arm64": {
          "version": "2.5.2",
          "resolved": "https://registry.npmjs.org/@lmdb/lmdb-darwin-arm64/-/lmdb-darwin-arm64-2.5.2.tgz",
          "integrity": "sha512-+F8ioQIUN68B4UFiIBYu0QQvgb9FmlKw2ctQMSBfW2QBrZIxz9vD9jCGqTCPqZBRbPHAS/vG1zSXnKqnS2ch/A==",
          "dev": true,
          "optional": true
        },
        "@lmdb/lmdb-linux-arm": {
          "version": "2.5.2",
          "resolved": "https://registry.npmjs.org/@lmdb/lmdb-linux-arm/-/lmdb-linux-arm-2.5.2.tgz",
          "integrity": "sha512-5kQAP21hAkfW5Bl+e0P57dV4dGYnkNIpR7f/GAh6QHlgXx+vp/teVj4PGRZaKAvt0GX6++N6hF8NnGElLDuIDw==",
          "dev": true,
          "optional": true
        },
        "@lmdb/lmdb-linux-arm64": {
          "version": "2.5.2",
          "resolved": "https://registry.npmjs.org/@lmdb/lmdb-linux-arm64/-/lmdb-linux-arm64-2.5.2.tgz",
          "integrity": "sha512-aLl89VHL/wjhievEOlPocoefUyWdvzVrcQ/MHQYZm2JfV1jUsrbr/ZfkPPUFvZBf+VSE+Q0clWs9l29PCX1hTQ==",
          "dev": true,
          "optional": true
        },
        "@lmdb/lmdb-linux-x64": {
          "version": "2.5.2",
          "resolved": "https://registry.npmjs.org/@lmdb/lmdb-linux-x64/-/lmdb-linux-x64-2.5.2.tgz",
          "integrity": "sha512-xUdUfwDJLGjOUPH3BuPBt0NlIrR7f/QHKgu3GZIXswMMIihAekj2i97oI0iWG5Bok/b+OBjHPfa8IU9velnP/Q==",
          "dev": true,
          "optional": true
        },
        "@lmdb/lmdb-win32-x64": {
          "version": "2.5.2",
          "resolved": "https://registry.npmjs.org/@lmdb/lmdb-win32-x64/-/lmdb-win32-x64-2.5.2.tgz",
          "integrity": "sha512-zrBczSbXKxEyK2ijtbRdICDygRqWSRPpZMN5dD1T8VMEW5RIhIbwFWw2phDRXuBQdVDpSjalCIUMWMV2h3JaZA==",
          "dev": true,
          "optional": true
        },
        "node-addon-api": {
          "version": "4.3.0",
          "dev": true
        }
      }
    },
    "micromatch": {
      "version": "4.0.5",
      "dev": true,
      "requires": {
        "braces": "^3.0.2",
        "picomatch": "^2.3.1"
      }
    },
    "msgpackr": {
      "version": "1.8.2",
      "dev": true,
      "requires": {
        "msgpackr-extract": "^2.2.0"
      }
    },
    "msgpackr-extract": {
      "version": "2.2.0",
      "dev": true,
      "optional": true,
      "requires": {
        "@msgpackr-extract/msgpackr-extract-darwin-arm64": "2.2.0",
        "@msgpackr-extract/msgpackr-extract-darwin-x64": "2.2.0",
        "@msgpackr-extract/msgpackr-extract-linux-arm": "2.2.0",
        "@msgpackr-extract/msgpackr-extract-linux-arm64": "2.2.0",
        "@msgpackr-extract/msgpackr-extract-linux-x64": "2.2.0",
        "@msgpackr-extract/msgpackr-extract-win32-x64": "2.2.0",
        "node-gyp-build-optional-packages": "5.0.3"
      },
      "dependencies": {
        "@msgpackr-extract/msgpackr-extract-darwin-arm64": {
          "version": "2.2.0",
          "resolved": "https://registry.npmjs.org/@msgpackr-extract/msgpackr-extract-darwin-arm64/-/msgpackr-extract-darwin-arm64-2.2.0.tgz",
          "integrity": "sha512-Z9LFPzfoJi4mflGWV+rv7o7ZbMU5oAU9VmzCgL240KnqDW65Y2HFCT3MW06/ITJSnbVLacmcEJA8phywK7JinQ==",
          "dev": true,
          "optional": true
        },
        "@msgpackr-extract/msgpackr-extract-linux-arm": {
          "version": "2.2.0",
          "resolved": "https://registry.npmjs.org/@msgpackr-extract/msgpackr-extract-linux-arm/-/msgpackr-extract-linux-arm-2.2.0.tgz",
          "integrity": "sha512-SaJ3Qq4lX9Syd2xEo9u3qPxi/OB+5JO/ngJKK97XDpa1C587H9EWYO6KD8995DAjSinWvdHKRrCOXVUC5fvGOg==",
          "dev": true,
          "optional": true
        },
        "@msgpackr-extract/msgpackr-extract-linux-arm64": {
          "version": "2.2.0",
          "resolved": "https://registry.npmjs.org/@msgpackr-extract/msgpackr-extract-linux-arm64/-/msgpackr-extract-linux-arm64-2.2.0.tgz",
          "integrity": "sha512-hlxxLdRmPyq16QCutUtP8Tm6RDWcyaLsRssaHROatgnkOxdleMTgetf9JsdncL8vLh7FVy/RN9i3XR5dnb9cRA==",
          "dev": true,
          "optional": true
        },
        "@msgpackr-extract/msgpackr-extract-linux-x64": {
          "version": "2.2.0",
          "resolved": "https://registry.npmjs.org/@msgpackr-extract/msgpackr-extract-linux-x64/-/msgpackr-extract-linux-x64-2.2.0.tgz",
          "integrity": "sha512-94y5PJrSOqUNcFKmOl7z319FelCLAE0rz/jPCWS+UtdMZvpa4jrQd+cJPQCLp2Fes1yAW/YUQj/Di6YVT3c3Iw==",
          "dev": true,
          "optional": true
        },
        "@msgpackr-extract/msgpackr-extract-win32-x64": {
          "version": "2.2.0",
          "resolved": "https://registry.npmjs.org/@msgpackr-extract/msgpackr-extract-win32-x64/-/msgpackr-extract-win32-x64-2.2.0.tgz",
          "integrity": "sha512-XrC0JzsqQSvOyM3t04FMLO6z5gCuhPE6k4FXuLK5xf52ZbdvcFe1yBmo7meCew9B8G2f0T9iu9t3kfTYRYROgA==",
          "dev": true,
          "optional": true
        }
      }
    },
    "node-addon-api": {
      "version": "3.2.1",
      "dev": true
    },
    "node-gyp-build": {
      "version": "4.6.0",
      "dev": true
    },
    "node-gyp-build-optional-packages": {
      "version": "5.0.3",
      "dev": true
    },
    "node-releases": {
      "version": "2.0.8",
      "dev": true,
      "peer": true
    },
    "nullthrows": {
      "version": "1.1.1",
      "dev": true
    },
    "ordered-binary": {
      "version": "1.4.0",
      "dev": true
    },
    "picocolors": {
      "version": "1.0.0",
      "resolved": "https://registry.npmjs.org/picocolors/-/picocolors-1.0.0.tgz",
      "integrity": "sha512-1fygroTLlHu66zi26VoTDv8yRgm0Fccecssto+MhsZ0D/DGW2sm8E8AjW7NU5VVTRt5GxbeZ5qBuJr+HyLYkjQ==",
      "dev": true,
      "peer": true
    },
    "picomatch": {
      "version": "2.3.1",
      "dev": true
    },
    "posthtml": {
      "version": "0.16.6",
      "dev": true,
      "requires": {
        "posthtml-parser": "^0.11.0",
        "posthtml-render": "^3.0.0"
      },
      "dependencies": {
        "posthtml-parser": {
          "version": "0.11.0",
          "dev": true,
          "requires": {
            "htmlparser2": "^7.1.1"
          }
        }
      }
    },
    "posthtml-parser": {
      "version": "0.10.2",
      "dev": true,
      "requires": {
        "htmlparser2": "^7.1.1"
      }
    },
    "posthtml-render": {
      "version": "3.0.0",
      "dev": true,
      "requires": {
        "is-json": "^2.0.1"
      }
    },
    "safe-buffer": {
      "version": "5.2.1",
      "dev": true,
      "peer": true
    },
    "semver": {
      "version": "5.7.1",
      "dev": true
    },
    "srcset": {
      "version": "4.0.0",
      "resolved": "https://registry.npmjs.org/srcset/-/srcset-4.0.0.tgz",
      "integrity": "sha512-wvLeHgcVHKO8Sc/H/5lkGreJQVeYMm9rlmt8PuR1xE31rIuXhuzznUUqAt8MqLhB3MqJdFzlNAfpcWnxiFUcPw==",
      "dev": true
    },
    "supports-color": {
      "version": "7.2.0",
      "dev": true,
      "requires": {
        "has-flag": "^4.0.0"
      }
    },
    "to-regex-range": {
      "version": "5.0.1",
      "dev": true,
      "requires": {
        "is-number": "^7.0.0"
      }
    },
    "update-browserslist-db": {
      "version": "1.0.10",
      "dev": true,
      "peer": true,
      "requires": {
        "escalade": "^3.1.1",
        "picocolors": "^1.0.0"
      }
    },
    "utility-types": {
      "version": "3.10.0",
      "dev": true
    },
    "weak-lru-cache": {
      "version": "1.2.2",
      "dev": true
    },
    "xxhash-wasm": {
      "version": "0.4.2",
      "dev": true
    }
  }
}
